
Microsoft Visual Studio Solution File, Format Version 12.00
# Visual Studio 2013
VisualStudioVersion = 12.0.30110.0
MinimumVisualStudioVersion = 10.0.40219.1
Project("{2150E333-8FDC-42A3-9474-1A3956D46DE8}") = ".nuget", ".nuget", "{FB934F1F-4B16-402E-B3D0-5EB291F71463}"
	ProjectSection(SolutionItems) = preProject
		.nuget\NuGet.Config = .nuget\NuGet.Config
		.nuget\NuGet.exe = .nuget\NuGet.exe
		.nuget\NuGet.targets = .nuget\NuGet.targets
	EndProjectSection
EndProject
Project("{FAE04EC0-301F-11D3-BF4B-00C04F79EFBC}") = "MeoWallet.Client", "MeoWallet.Client\MeoWallet.Client.csproj", "{40336E92-3385-445E-8119-822389E2234B}"
EndProject
Project("{FAE04EC0-301F-11D3-BF4B-00C04F79EFBC}") = "MeoWallet.ConsoleDemo", "MeoWallet.ConsoleDemo\MeoWallet.ConsoleDemo.csproj", "{B1AC2D2C-2031-455C-B8FA-80BC8E991079}"
EndProject
Global
	GlobalSection(SolutionConfigurationPlatforms) = preSolution
		Debug|Any CPU = Debug|Any CPU
		Release|Any CPU = Release|Any CPU
	EndGlobalSection
	GlobalSection(ProjectConfigurationPlatforms) = postSolution
		{40336E92-3385-445E-8119-822389E2234B}.Debug|Any CPU.ActiveCfg = Debug|Any CPU
		{40336E92-3385-445E-8119-822389E2234B}.Debug|Any CPU.Build.0 = Debug|Any CPU
		{40336E92-3385-445E-8119-822389E2234B}.Release|Any CPU.ActiveCfg = Release|Any CPU
		{40336E92-3385-445E-8119-822389E2234B}.Release|Any CPU.Build.0 = Release|Any CPU
		{B1AC2D2C-2031-455C-B8FA-80BC8E991079}.Debug|Any CPU.ActiveCfg = Debug|Any CPU
		{B1AC2D2C-2031-455C-B8FA-80BC8E991079}.Debug|Any CPU.Build.0 = Debug|Any CPU
		{B1AC2D2C-2031-455C-B8FA-80BC8E991079}.Release|Any CPU.ActiveCfg = Release|Any CPU
		{B1AC2D2C-2031-455C-B8FA-80BC8E991079}.Release|Any CPU.Build.0 = Release|Any CPU
	EndGlobalSection
	GlobalSection(SolutionProperties) = preSolution
		HideSolutionNode = FALSE
	EndGlobalSection
EndGlobal
